
Microsoft Visual Studio Solution File, Format Version 12.00
# Visual Studio Version 17
VisualStudioVersion = 17.14.36408.4
MinimumVisualStudioVersion = 10.0.40219.1
Project("{FAE04EC0-301F-11D3-BF4B-00C04F79EFBC}") = "MyConsoleApp_001", "MyConsoleApp_001\MyConsoleApp_001.csproj", "{67A9BA0E-ACEF-4B41-BED5-E75C3F8F539C}"
EndProject
Project("{FAE04EC0-301F-11D3-BF4B-00C04F79EFBC}") = "GgtKgv", "GgtKgv\GgtKgv.csproj", "{B8196C2B-A189-4419-A434-9A6E11D282CE}"
EndProject
Global
	GlobalSection(SolutionConfigurationPlatforms) = preSolution
		Debug|Any CPU = Debug|Any CPU
		Release|Any CPU = Release|Any CPU
	EndGlobalSection
	GlobalSection(ProjectConfigurationPlatforms) = postSolution
		{67A9BA0E-ACEF-4B41-BED5-E75C3F8F539C}.Debug|Any CPU.ActiveCfg = Debug|Any CPU
		{67A9BA0E-ACEF-4B41-BED5-E75C3F8F539C}.Debug|Any CPU.Build.0 = Debug|Any CPU
		{67A9BA0E-ACEF-4B41-BED5-E75C3F8F539C}.Release|Any CPU.ActiveCfg = Release|Any CPU
		{67A9BA0E-ACEF-4B41-BED5-E75C3F8F539C}.Release|Any CPU.Build.0 = Release|Any CPU
		{B8196C2B-A189-4419-A434-9A6E11D282CE}.Debug|Any CPU.ActiveCfg = Debug|Any CPU
		{B8196C2B-A189-4419-A434-9A6E11D282CE}.Debug|Any CPU.Build.0 = Debug|Any CPU
		{B8196C2B-A189-4419-A434-9A6E11D282CE}.Release|Any CPU.ActiveCfg = Release|Any CPU
		{B8196C2B-A189-4419-A434-9A6E11D282CE}.Release|Any CPU.Build.0 = Release|Any CPU
	EndGlobalSection
	GlobalSection(SolutionProperties) = preSolution
		HideSolutionNode = FALSE
	EndGlobalSection
	GlobalSection(ExtensibilityGlobals) = postSolution
		SolutionGuid = {084EC26E-0D5D-4901-BF41-4B649AEF04CB}
	EndGlobalSection
EndGlobal
