
Microsoft Visual Studio Solution File, Format Version 12.00
# Visual Studio Version 17
VisualStudioVersion = 17.14.36408.4 d17.14
MinimumVisualStudioVersion = 10.0.40219.1
Project("{FAE04EC0-301F-11D3-BF4B-00C04F79EFBC}") = "ConsoleApp_001", "ConsoleApp_001\ConsoleApp_001.csproj", "{28652852-9CD9-43E2-BAAE-49D31278036E}"
EndProject
Global
	GlobalSection(SolutionConfigurationPlatforms) = preSolution
		Debug|Any CPU = Debug|Any CPU
		Release|Any CPU = Release|Any CPU
	EndGlobalSection
	GlobalSection(ProjectConfigurationPlatforms) = postSolution
		{28652852-9CD9-43E2-BAAE-49D31278036E}.Debug|Any CPU.ActiveCfg = Debug|Any CPU
		{28652852-9CD9-43E2-BAAE-49D31278036E}.Debug|Any CPU.Build.0 = Debug|Any CPU
		{28652852-9CD9-43E2-BAAE-49D31278036E}.Release|Any CPU.ActiveCfg = Release|Any CPU
		{28652852-9CD9-43E2-BAAE-49D31278036E}.Release|Any CPU.Build.0 = Release|Any CPU
	EndGlobalSection
	GlobalSection(SolutionProperties) = preSolution
		HideSolutionNode = FALSE
	EndGlobalSection
	GlobalSection(ExtensibilityGlobals) = postSolution
		SolutionGuid = {56FA9A05-6BA4-453F-8966-52C5D9CF1DF0}
	EndGlobalSection
EndGlobal
